// !$*UTF8*$!
{
	archiveVersion = 1;
	classes = {
	};
	objectVersion = 50;
	objects = {

/* Begin PBXBuildFile section */
		6C4290802284272300584A11 /* AppDelegate.m in Sources */ = {isa = PBXBuildFile; fileRef = 6C42907F2284272300584A11 /* AppDelegate.m */; };
		6C4290832284272300584A11 /* ViewController.m in Sources */ = {isa = PBXBuildFile; fileRef = 6C4290822284272300584A11 /* ViewController.m */; };
		6C4290862284272400584A11 /* Main.storyboard in Resources */ = {isa = PBXBuildFile; fileRef = 6C4290842284272400584A11 /* Main.storyboard */; };
		6C4290882284272400584A11 /* Assets.xcassets in Resources */ = {isa = PBXBuildFile; fileRef = 6C4290872284272400584A11 /* Assets.xcassets */; };
		6C42908B2284272400584A11 /* LaunchScreen.storyboard in Resources */ = {isa = PBXBuildFile; fileRef = 6C4290892284272400584A11 /* LaunchScreen.storyboard */; };
		6C42908E2284272400584A11 /* main.m in Sources */ = {isa = PBXBuildFile; fileRef = 6C42908D2284272400584A11 /* main.m */; };
		9A9E248E6CE7A8A33573E8B6 /* libPods-MOCocoaPodsDemo.a in Frameworks */ = {isa = PBXBuildFile; fileRef = 3FF65C71F214039FB6EEF699 /* libPods-MOCocoaPodsDemo.a */; };
/* End PBXBuildFile section */

/* Begin PBXFileReference section */
		10CAF8CB77A0E01E932AB148 /* Pods-MOCocoaPodsDemo.release.xcconfig */ = {isa = PBXFileReference; includeInIndex = 1; lastKnownFileType = text.xcconfig; name = "Pods-MOCocoaPodsDemo.release.xcconfig"; path = "Target Support Files/Pods-MOCocoaPodsDemo/Pods-MOCocoaPodsDemo.release.xcconfig"; sourceTree = "<group>"; };
		3FF65C71F214039FB6EEF699 /* libPods-MOCocoaPodsDemo.a */ = {isa = PBXFileReference; explicitFileType = archive.ar; includeInIndex = 0; path = "libPods-MOCocoaPodsDemo.a"; sourceTree = BUILT_PRODUCTS_DIR; };
		6C42907B2284272300584A11 /* MOCocoaPodsDemo.app */ = {isa = PBXFileReference; explicitFileType = wrapper.application; includeInIndex = 0; path = MOCocoaPodsDemo.app; sourceTree = BUILT_PRODUCTS_DIR; };
		6C42907E2284272300584A11 /* AppDelegate.h */ = {isa = PBXFileReference; lastKnownFileType = sourcecode.c.h; path = AppDelegate.h; sourceTree = "<group>"; };
		6C42907F2284272300584A11 /* AppDelegate.m */ = {isa = PBXFileReference; lastKnownFileType = sourcecode.c.objc; path = AppDelegate.m; sourceTree = "<group>"; };
		6C4290812284272300584A11 /* ViewController.h */ = {isa = PBXFileReference; lastKnownFileType = sourcecode.c.h; path = ViewController.h; sourceTree = "<group>"; };
		6C4290822284272300584A11 /* ViewController.m */ = {isa = PBXFileReference; lastKnownFileType = sourcecode.c.objc; path = ViewController.m; sourceTree = "<group>"; };
		6C4290852284272400584A11 /* Base */ = {isa = PBXFileReference; lastKnownFileType = file.storyboard; name = Base; path = Base.lproj/Main.storyboard; sourceTree = "<group>"; };
		6C4290872284272400584A11 /* Assets.xcassets */ = {isa = PBXFileReference; lastKnownFileType = folder.assetcatalog; path = Assets.xcassets; sourceTree = "<group>"; };
		6C42908A2284272400584A11 /* Base */ = {isa = PBXFileReference; lastKnownFileType = file.storyboard; name = Base; path = Base.lproj/LaunchScreen.storyboard; sourceTree = "<group>"; };
		6C42908C2284272400584A11 /* Info.plist */ = {isa = PBXFileReference; lastKnownFileType = text.plist.xml; path = Info.plist; sourceTree = "<group>"; };
		6C42908D2284272400584A11 /* main.m */ = {isa = PBXFileReference; lastKnownFileType = sourcecode.c.objc; path = main.m; sourceTree = "<group>"; };
		6C42909522842AFC00584A11 /* MOFoundation.h */ = {isa = PBXFileReference; lastKnownFileType = sourcecode.c.h; path = MOFoundation.h; sourceTree = "<group>"; };
		79C491520CF56ADFD47D5440 /* Pods-MOCocoaPodsDemo.debug.xcconfig */ = {isa = PBXFileReference; includeInIndex = 1; lastKnownFileType = text.xcconfig; name = "Pods-MOCocoaPodsDemo.debug.xcconfig"; path = "Target Support Files/Pods-MOCocoaPodsDemo/Pods-MOCocoaPodsDemo.debug.xcconfig"; sourceTree = "<group>"; };
/* End PBXFileReference section */

/* Begin PBXFrameworksBuildPhase section */
		6C4290782284272300584A11 /* Frameworks */ = {
			isa = PBXFrameworksBuildPhase;
			buildActionMask = 2147483647;
			files = (
				9A9E248E6CE7A8A33573E8B6 /* libPods-MOCocoaPodsDemo.a in Frameworks */,
			);
			runOnlyForDeploymentPostprocessing = 0;
		};
/* End PBXFrameworksBuildPhase section */

/* Begin PBXGroup section */
		01A6073DE0CDE454A48E086C /* Pods */ = {
			isa = PBXGroup;
			children = (
				79C491520CF56ADFD47D5440 /* Pods-MOCocoaPodsDemo.debug.xcconfig */,
				10CAF8CB77A0E01E932AB148 /* Pods-MOCocoaPodsDemo.release.xcconfig */,
			);
			name = Pods;
			path = Pods;
			sourceTree = "<group>";
		};
		6C4290722284272300584A11 = {
			isa = PBXGroup;
			children = (
				6C42907D2284272300584A11 /* MOCocoaPodsDemo */,
				6C42907C2284272300584A11 /* Products */,
				01A6073DE0CDE454A48E086C /* Pods */,
				B497A87F23B10104FD9EF0E8 /* Frameworks */,
			);
			sourceTree = "<group>";
		};
		6C42907C2284272300584A11 /* Products */ = {
			isa = PBXGroup;
			children = (
				6C42907B2284272300584A11 /* MOCocoaPodsDemo.app */,
			);
			name = Products;
			sourceTree = "<group>";
		};
		6C42907D2284272300584A11 /* MOCocoaPodsDemo */ = {
			isa = PBXGroup;
			children = (
				6C42909422842A3C00584A11 /* MOFoundation */,
				6C42907E2284272300584A11 /* AppDelegate.h */,
				6C42907F2284272300584A11 /* AppDelegate.m */,
				6C4290812284272300584A11 /* ViewController.h */,
				6C4290822284272300584A11 /* ViewController.m */,
				6C4290842284272400584A11 /* Main.storyboard */,
				6C4290872284272400584A11 /* Assets.xcassets */,
				6C4290892284272400584A11 /* LaunchScreen.storyboard */,
				6C42908C2284272400584A11 /* Info.plist */,
				6C42908D2284272400584A11 /* main.m */,
			);
			path = MOCocoaPodsDemo;
			sourceTree = "<group>";
		};
		6C42909422842A3C00584A11 /* MOFoundation */ = {
			isa = PBXGroup;
			children = (
				6C42909522842AFC00584A11 /* MOFoundation.h */,
			);
			path = MOFoundation;
			sourceTree = "<group>";
		};
		B497A87F23B10104FD9EF0E8 /* Frameworks */ = {
			isa = PBXGroup;
			children = (
				3FF65C71F214039FB6EEF699 /* libPods-MOCocoaPodsDemo.a */,
			);
			name = Frameworks;
			sourceTree = "<group>";
		};
/* End PBXGroup section */

/* Begin PBXNativeTarget section */
		6C42907A2284272300584A11 /* MOCocoaPodsDemo */ = {
			isa = PBXNativeTarget;
			buildConfigurationList = 6C4290912284272400584A11 /* Build configuration list for PBXNativeTarget "MOCocoaPodsDemo" */;
			buildPhases = (
				6AE4D5524BF20DD5203D42D7 /* [CP] Check Pods Manifest.lock */,
				6C4290772284272300584A11 /* Sources */,
				6C4290782284272300584A11 /* Frameworks */,
				6C4290792284272300584A11 /* Resources */,
			);
			buildRules = (
			);
			dependencies = (
			);
			name = MOCocoaPodsDemo;
			productName = MOCocoaPodsDemo;
			productReference = 6C42907B2284272300584A11 /* MOCocoaPodsDemo.app */;
			productType = "com.apple.product-type.application";
		};
/* End PBXNativeTarget section */

/* Begin PBXProject section */
		6C4290732284272300584A11 /* Project object */ = {
			isa = PBXProject;
			attributes = {
				LastUpgradeCheck = 1020;
				ORGANIZATIONNAME = EStrongerE023;
				TargetAttributes = {
					6C42907A2284272300584A11 = {
						CreatedOnToolsVersion = 10.2.1;
					};
				};
			};
			buildConfigurationList = 6C4290762284272300584A11 /* Build configuration list for PBXProject "MOCocoaPodsDemo" */;
			compatibilityVersion = "Xcode 9.3";
			developmentRegion = en;
			hasScannedForEncodings = 0;
			knownRegions = (
				en,
				Base,
			);
			mainGroup = 6C4290722284272300584A11;
			productRefGroup = 6C42907C2284272300584A11 /* Products */;
			projectDirPath = "";
			projectRoot = "";
			targets = (
				6C42907A2284272300584A11 /* MOCocoaPodsDemo */,
			);
		};
/* End PBXProject section */

/* Begin PBXResourcesBuildPhase section */
		6C4290792284272300584A11 /* Resources */ = {
			isa = PBXResourcesBuildPhase;
			buildActionMask = 2147483647;
			files = (
				6C42908B2284272400584A11 /* LaunchScreen.storyboard in Resources */,
				6C4290882284272400584A11 /* Assets.xcassets in Resources */,
				6C4290862284272400584A11 /* Main.storyboard in Resources */,
			);
			runOnlyForDeploymentPostprocessing = 0;
		};
/* End PBXResourcesBuildPhase section */

/* Begin PBXShellScriptBuildPhase section */
		6AE4D5524BF20DD5203D42D7 /* [CP] Check Pods Manifest.lock */ = {
			isa = PBXShellScriptBuildPhase;
			buildActionMask = 2147483647;
			files = (
			);
			inputFileListPaths = (
			);
			inputPaths = (
				"${PODS_PODFILE_DIR_PATH}/Podfile.lock",
				"${PODS_ROOT}/Manifest.lock",
			);
			name = "[CP] Check Pods Manifest.lock";
			outputFileListPaths = (
			);
			outputPaths = (
				"$(DERIVED_FILE_DIR)/Pods-MOCocoaPodsDemo-checkManifestLockResult.txt",
			);
			runOnlyForDeploymentPostprocessing = 0;
			shellPath = /bin/sh;
			shellScript = "diff \"${PODS_PODFILE_DIR_PATH}/Podfile.lock\" \"${PODS_ROOT}/Manifest.lock\" > /dev/null\nif [ $? != 0 ] ; then\n    # print error to STDERR\n    echo \"error: The sandbox is not in sync with the Podfile.lock. Run 'pod install' or update your CocoaPods installation.\" >&2\n    exit 1\nfi\n# This output is used by Xcode 'outputs' to avoid re-running this script phase.\necho \"SUCCESS\" > \"${SCRIPT_OUTPUT_FILE_0}\"\n";
			showEnvVarsInLog = 0;
		};
/* End PBXShellScriptBuildPhase section */

/* Begin PBXSourcesBuildPhase section */
		6C4290772284272300584A11 /* Sources */ = {
			isa = PBXSourcesBuildPhase;
			buildActionMask = 2147483647;
			files = (
				6C4290832284272300584A11 /* ViewController.m in Sources */,
				6C42908E2284272400584A11 /* main.m in Sources */,
				6C4290802284272300584A11 /* AppDelegate.m in Sources */,
			);
			runOnlyForDeploymentPostprocessing = 0;
		};
/* End PBXSourcesBuildPhase section */

/* Begin PBXVariantGroup section */
		6C4290842284272400584A11 /* Main.storyboard */ = {
			isa = PBXVariantGroup;
			children = (
				6C4290852284272400584A11 /* Base */,
			);
			name = Main.storyboard;
			sourceTree = "<group>";
		};
		6C4290892284272400584A11 /* LaunchScreen.storyboard */ = {
			isa = PBXVariantGroup;
			children = (
				6C42908A2284272400584A11 /* Base */,
			);
			name = LaunchScreen.storyboard;
			sourceTree = "<group>";
		};
/* End PBXVariantGroup section */

/* Begin XCBuildConfiguration section */
		6C42908F2284272400584A11 /* Debug */ = {
			isa = XCBuildConfiguration;
			buildSettings = {
				ALWAYS_SEARCH_USER_PATHS = NO;
				CLANG_ANALYZER_NONNULL = YES;
				CLANG_ANALYZER_NUMBER_OBJECT_CONVERSION = YES_AGGRESSIVE;
				CLANG_CXX_LANGUAGE_STANDARD = "gnu++14";
				CLANG_CXX_LIBRARY = "libc++";
				CLANG_ENABLE_MODULES = YES;
				CLANG_ENABLE_OBJC_ARC = YES;
				CLANG_ENABLE_OBJC_WEAK = YES;
				CLANG_WARN_BLOCK_CAPTURE_AUTORELEASING = YES;
				CLANG_WARN_BOOL_CONVERSION = YES;
				CLANG_WARN_COMMA = YES;
				CLANG_WARN_CONSTANT_CONVERSION = YES;
				CLANG_WARN_DEPRECATED_OBJC_IMPLEMENTATIONS = YES;
				CLANG_WARN_DIRECT_OBJC_ISA_USAGE = YES_ERROR;
				CLANG_WARN_DOCUMENTATION_COMMENTS = YES;
				CLANG_WARN_EMPTY_BODY = YES;
				CLANG_WARN_ENUM_CONVERSION = YES;
				CLANG_WARN_INFINITE_RECURSION = YES;
				CLANG_WARN_INT_CONVERSION = YES;
				CLANG_WARN_NON_LITERAL_NULL_CONVERSION = YES;
				CLANG_WARN_OBJC_IMPLICIT_RETAIN_SELF = YES;
				CLANG_WARN_OBJC_LITERAL_CONVERSION = YES;
				CLANG_WARN_OBJC_ROOT_CLASS = YES_ERROR;
				CLANG_WARN_RANGE_LOOP_ANALYSIS = YES;
				CLANG_WARN_STRICT_PROTOTYPES = YES;
				CLANG_WARN_SUSPICIOUS_MOVE = YES;
				CLANG_WARN_UNGUARDED_AVAILABILITY = YES_AGGRESSIVE;
				CLANG_WARN_UNREACHABLE_CODE = YES;
				CLANG_WARN__DUPLICATE_METHOD_MATCH = YES;
				CODE_SIGN_IDENTITY = "iPhone Developer";
				COPY_PHASE_STRIP = NO;
				DEBUG_INFORMATION_FORMAT = dwarf;
				ENABLE_STRICT_OBJC_MSGSEND = YES;
				ENABLE_TESTABILITY = YES;
				GCC_C_LANGUAGE_STANDARD = gnu11;
				GCC_DYNAMIC_NO_PIC = NO;
				GCC_NO_COMMON_BLOCKS = YES;
				GCC_OPTIMIZATION_LEVEL = 0;
				GCC_PREPROCESSOR_DEFINITIONS = (
					"DEBUG=1",
					"$(inherited)",
				);
				GCC_WARN_64_TO_32_BIT_CONVERSION = YES;
				GCC_WARN_ABOUT_RETURN_TYPE = YES_ERROR;
				GCC_WARN_UNDECLARED_SELECTOR = YES;
				GCC_WARN_UNINITIALIZED_AUTOS = YES_AGGRESSIVE;
				GCC_WARN_UNUSED_FUNCTION = YES;
				GCC_WARN_UNUSED_VARIABLE = YES;
				IPHONEOS_DEPLOYMENT_TARGET = 12.2;
				MTL_ENABLE_DEBUG_INFO = INCLUDE_SOURCE;
				MTL_FAST_MATH = YES;
				ONLY_ACTIVE_ARCH = YES;
				SDKROOT = iphoneos;
			};
			name = Debug;
		};
		6C4290902284272400584A11 /* Release */ = {
			isa = XCBuildConfiguration;
			buildSettings = {
				ALWAYS_SEARCH_USER_PATHS = NO;
				CLANG_ANALYZER_NONNULL = YES;
				CLANG_ANALYZER_NUMBER_OBJECT_CONVERSION = YES_AGGRESSIVE;
				CLANG_CXX_LANGUAGE_STANDARD = "gnu++14";
				CLANG_CXX_LIBRARY = "libc++";
				CLANG_ENABLE_MODULES = YES;
				CLANG_ENABLE_OBJC_ARC = YES;
				CLANG_ENABLE_OBJC_WEAK = YES;
				CLANG_WARN_BLOCK_CAPTURE_AUTORELEASING = YES;
				CLANG_WARN_BOOL_CONVERSION = YES;
				CLANG_WARN_COMMA = YES;
				CLANG_WARN_CONSTANT_CONVERSION = YES;
				CLANG_WARN_DEPRECATED_OBJC_IMPLEMENTATIONS = YES;
				CLANG_WARN_DIRECT_OBJC_ISA_USAGE = YES_ERROR;
				CLANG_WARN_DOCUMENTATION_COMMENTS = YES;
				CLANG_WARN_EMPTY_BODY = YES;
				CLANG_WARN_ENUM_CONVERSION = YES;
				CLANG_WARN_INFINITE_RECURSION = YES;
				CLANG_WARN_INT_CONVERSION = YES;
				CLANG_WARN_NON_LITERAL_NULL_CONVERSION = YES;
				CLANG_WARN_OBJC_IMPLICIT_RETAIN_SELF = YES;
				CLANG_WARN_OBJC_LITERAL_CONVERSION = YES;
				CLANG_WARN_OBJC_ROOT_CLASS = YES_ERROR;
				CLANG_WARN_RANGE_LOOP_ANALYSIS = YES;
				CLANG_WARN_STRICT_PROTOTYPES = YES;
				CLANG_WARN_SUSPICIOUS_MOVE = YES;
				CLANG_WARN_UNGUARDED_AVAILABILITY = YES_AGGRESSIVE;
				CLANG_WARN_UNREACHABLE_CODE = YES;
				CLANG_WARN__DUPLICATE_METHOD_MATCH = YES;
				CODE_SIGN_IDENTITY = "iPhone Developer";
				COPY_PHASE_STRIP = NO;
				DEBUG_INFORMATION_FORMAT = "dwarf-with-dsym";
				ENABLE_NS_ASSERTIONS = NO;
				ENABLE_STRICT_OBJC_MSGSEND = YES;
				GCC_C_LANGUAGE_STANDARD = gnu11;
				GCC_NO_COMMON_BLOCKS = YES;
				GCC_WARN_64_TO_32_BIT_CONVERSION = YES;
				GCC_WARN_ABOUT_RETURN_TYPE = YES_ERROR;
				GCC_WARN_UNDECLARED_SELECTOR = YES;
				GCC_WARN_UNINITIALIZED_AUTOS = YES_AGGRESSIVE;
				GCC_WARN_UNUSED_FUNCTION = YES;
				GCC_WARN_UNUSED_VARIABLE = YES;
				IPHONEOS_DEPLOYMENT_TARGET = 12.2;
				MTL_ENABLE_DEBUG_INFO = NO;
				MTL_FAST_MATH = YES;
				SDKROOT = iphoneos;
				VALIDATE_PRODUCT = YES;
			};
			name = Release;
		};
		6C4290922284272400584A11 /* Debug */ = {
			isa = XCBuildConfiguration;
			baseConfigurationReference = 79C491520CF56ADFD47D5440 /* Pods-MOCocoaPodsDemo.debug.xcconfig */;
			buildSettings = {
				ASSETCATALOG_COMPILER_APPICON_NAME = AppIcon;
				CODE_SIGN_STYLE = Automatic;
				DEVELOPMENT_TEAM = J26ST3TDCL;
				INFOPLIST_FILE = MOCocoaPodsDemo/Info.plist;
				IPHONEOS_DEPLOYMENT_TARGET = 8.0;
				LD_RUNPATH_SEARCH_PATHS = (
					"$(inherited)",
					"@executable_path/Frameworks",
				);
				PRODUCT_BUNDLE_IDENTIFIER = com.estronger.MOCocoaPodsDemo;
				PRODUCT_NAME = "$(TARGET_NAME)";
				TARGETED_DEVICE_FAMILY = "1,2";
			};
			name = Debug;
		};
		6C4290932284272400584A11 /* Release */ = {
			isa = XCBuildConfiguration;
			baseConfigurationReference = 10CAF8CB77A0E01E932AB148 /* Pods-MOCocoaPodsDemo.release.xcconfig */;
			buildSettings = {
				ASSETCATALOG_COMPILER_APPICON_NAME = AppIcon;
				CODE_SIGN_STYLE = Automatic;
				DEVELOPMENT_TEAM = J26ST3TDCL;
				INFOPLIST_FILE = MOCocoaPodsDemo/Info.plist;
				IPHONEOS_DEPLOYMENT_TARGET = 8.0;
				LD_RUNPATH_SEARCH_PATHS = (
					"$(inherited)",
					"@executable_path/Frameworks",
				);
				PRODUCT_BUNDLE_IDENTIFIER = com.estronger.MOCocoaPodsDemo;
				PRODUCT_NAME = "$(TARGET_NAME)";
				TARGETED_DEVICE_FAMILY = "1,2";
			};
			name = Release;
		};
/* End XCBuildConfiguration section */

/* Begin XCConfigurationList section */
		6C4290762284272300584A11 /* Build configuration list for PBXProject "MOCocoaPodsDemo" */ = {
			isa = XCConfigurationList;
			buildConfigurations = (
				6C42908F2284272400584A11 /* Debug */,
				6C4290902284272400584A11 /* Release */,
			);
			defaultConfigurationIsVisible = 0;
			defaultConfigurationName = Release;
		};
		6C4290912284272400584A11 /* Build configuration list for PBXNativeTarget "MOCocoaPodsDemo" */ = {
			isa = XCConfigurationList;
			buildConfigurations = (
				6C4290922284272400584A11 /* Debug */,
				6C4290932284272400584A11 /* Release */,
			);
			defaultConfigurationIsVisible = 0;
			defaultConfigurationName = Release;
		};
/* End XCConfigurationList section */
	};
	rootObject = 6C4290732284272300584A11 /* Project object */;
}
